# This file is automatically @generated by Cargo.
# It is not intended for manual editing.
version = 4

[[package]]
name = "anstream"
version = "1.0.0"
source = "registry+https://github.com/rust-lang/crates.io-index"
checksum = "824a212faf96e9acacdbd09febd34438f8f711fb84e09a8916013cd7815ca28d"
dependencies = [
 "anstyle",
 "anstyle-parse",
 "anstyle-query",
 "anstyle-wincon",
 "colorchoice",
 "is_terminal_polyfill",
 "utf8parse",
]

[[package]]
name = "anstyle"
version = "1.0.14"
source = "registry+https://github.com/rust-lang/crates.io-index"
checksum = "940b3a0ca603d1eade50a4846a2afffd5ef57a9feac2c0e2ec2e14f9ead76000"

[[package]]
name = "anstyle-parse"
version = "1.0.0"
source = "registry+https://github.com/rust-lang/crates.io-index"
checksum = "52ce7f38b242319f7cabaa6813055467063ecdc9d355bbb4ce0c68908cd8130e"
dependencies = [
 "utf8parse",
]

[[package]]
name = "anstyle-query"
version = "1.1.5"
source = "registry+https://github.com/rust-lang/crates.io-index"
checksum = "40c48f72fd53cd289104fc64099abca73db4166ad86ea0b4341abe65af83dadc"
dependencies = [
 "windows-sys",
]

[[package]]
name = "anstyle-wincon"
version = "3.0.11"
source = "registry+https://github.com/rust-lang/crates.io-index"
checksum = "291e6a250ff86cd4a820112fb8898808a366d8f9f58ce16d1f538353ad55747d"
dependencies = [
 "anstyle",
 "once_cell_polyfill",
 "windows-sys",
]

[[package]]
name = "anyhow"
version = "1.0.104"
source = "registry+https://github.com/rust-lang/crates.io-index"
checksum = "330a5ed07fa54e4702c9d6c4174f74427fc0ef6e214bbd677ae50a5099946470"

[[package]]
name = "bitflags"
version = "2.13.2"
source = "registry+https://github.com/rust-lang/crates.io-index"
checksum = "3ded4057c258ba199e2d26386d3af3780957ecaee6c4ef4041c6b4b8b97c0b06"

[[package]]
name = "cc"
version = "1.4.5"
source = "registry+https://github.com/rust-lang/crates.io-index"
checksum = "005ec2760ca554fae18df7a11195552ec576cd665632a881bc011d5bb2fd4d80"
dependencies = [
 "find-msvc-tools",
 "shlex",
]

[[package]]
name = "cfg-if"
version = "1.0.4"
source = "registry+https://github.com/rust-lang/crates.io-index"
checksum = "9330f8b2ff13f34540b44e946ef35111825727b38d33286ef986142615121801"

[[package]]
name = "ch01-ex01-raii-vs-bounds-checking"
version = "0.1.0"

[[package]]
name = "ch01-ex01-raii-vs-bounds-checking-solution"
version = "0.1.0"

[[package]]
name = "ch01-why-rust-example"
version = "0.1.0"

[[package]]
name = "ch02-ex01-wire-a-dependency"
version = "0.1.0"

[[package]]
name = "ch02-ex01-wire-a-dependency-solution"
version = "0.1.0"
dependencies = [
 "stringy-lib-solution",
]

[[package]]
name = "ch02-toolchain-and-cargo-example"
version = "0.1.0"

[[package]]
name = "ch03-crate-anatomy-example"
version = "0.1.0"

[[package]]
name = "ch03-ex01-module-visibility"
version = "0.1.0"

[[package]]
name = "ch03-ex01-module-visibility-solution"
version = "0.1.0"

[[package]]
name = "ch04-ex01-safe-narrowing"
version = "0.1.0"

[[package]]
name = "ch04-ex01-safe-narrowing-solution"
version = "0.1.0"

[[package]]
name = "ch04-variables-mutability-types-example"
version = "0.1.0"

[[package]]
name = "ch05-ex01-move-and-clone"
version = "0.1.0"

[[package]]
name = "ch05-ex01-move-and-clone-solution"
version = "0.1.0"

[[package]]
name = "ch05-ownership-example"
version = "0.1.0"

[[package]]
name = "ch06-borrowing-and-references-example"
version = "0.1.0"

[[package]]
name = "ch06-ex01-largest-without-cloning"
version = "0.1.0"

[[package]]
name = "ch06-ex01-largest-without-cloning-solution"
version = "0.1.0"

[[package]]
name = "ch07-ex01-parser-struct"
version = "0.1.0"

[[package]]
name = "ch07-ex01-parser-struct-solution"
version = "0.1.0"

[[package]]
name = "ch07-lifetimes-example"
version = "0.1.0"

[[package]]
name = "ch08-ex01-shapes-and-vehicles"
version = "0.1.0"

[[package]]
name = "ch08-ex01-shapes-and-vehicles-solution"
version = "0.1.0"

[[package]]
name = "ch08-structs-and-enums-example"
version = "0.1.0"

[[package]]
name = "ch09-ex01-classify-readings"
version = "0.1.0"

[[package]]
name = "ch09-ex01-classify-readings-solution"
version = "0.1.0"

[[package]]
name = "ch09-pattern-matching-example"
version = "0.1.0"

[[package]]
name = "ch10-ex01-lookup-and-parse"
version = "0.1.0"

[[package]]
name = "ch10-ex01-lookup-and-parse-solution"
version = "0.1.0"

[[package]]
name = "ch10-option-result-example"
version = "0.1.0"

[[package]]
name = "ch11-collections-example"
version = "0.1.0"

[[package]]
name = "ch11-ex01-word-count-and-dedup"
version = "0.1.0"

[[package]]
name = "ch11-ex01-word-count-and-dedup-solution"
version = "0.1.0"

[[package]]
name = "ch12-ex01-generic-stats"
version = "0.1.0"

[[package]]
name = "ch12-ex01-generic-stats-solution"
version = "0.1.0"

[[package]]
name = "ch12-traits-and-generics-example"
version = "0.1.0"

[[package]]
name = "ch13-ex01-shape-collection"
version = "0.1.0"

[[package]]
name = "ch13-ex01-shape-collection-solution"
version = "0.1.0"

[[package]]
name = "ch13-trait-objects-example"
version = "0.1.0"

[[package]]
name = "ch14-ex01-visibility-boundaries"
version = "0.1.0"

[[package]]
name = "ch14-ex01-visibility-boundaries-solution"
version = "0.1.0"

[[package]]
name = "ch14-modules-and-visibility-example"
version = "0.1.0"

[[package]]
name = "ch15-closures-and-iterators-example"
version = "0.1.0"

[[package]]
name = "ch15-ex01-sum-where"
version = "0.1.0"

[[package]]
name = "ch15-ex01-sum-where-solution"
version = "0.1.0"

[[package]]
name = "ch16-ex01-guard-order"
version = "0.1.0"

[[package]]
name = "ch16-ex01-guard-order-solution"
version = "0.1.0"

[[package]]
name = "ch16-memory-safety-raii-example"
version = "0.1.0"

[[package]]
name = "ch17-ex01-checked-buffer"
version = "0.1.0"

[[package]]
name = "ch17-ex01-checked-buffer-solution"
version = "0.1.0"

[[package]]
name = "ch17-unsafe-and-ffi-basics-example"
version = "0.1.0"

[[package]]
name = "ch18-ex01-parallel-sum"
version = "0.1.0"

[[package]]
name = "ch18-ex01-parallel-sum-solution"
version = "0.1.0"

[[package]]
name = "ch18-threads-example"
version = "0.1.0"

[[package]]
name = "ch19-ex01-shared-counter"
version = "0.1.0"

[[package]]
name = "ch19-ex01-shared-counter-solution"
version = "0.1.0"

[[package]]
name = "ch19-send-sync-example"
version = "0.1.0"

[[package]]
name = "ch20-channels-example"
version = "0.1.0"

[[package]]
name = "ch20-ex01-fan-in-aggregator"
version = "0.1.0"

[[package]]
name = "ch20-ex01-fan-in-aggregator-solution"
version = "0.1.0"

[[package]]
name = "ch21-atomics-example"
version = "0.1.0"

[[package]]
name = "ch21-ex01-atomic-counter"
version = "0.1.0"

[[package]]
name = "ch21-ex01-atomic-counter-solution"
version = "0.1.0"

[[package]]
name = "ch22-async-await-example"
version = "0.1.0"
dependencies = [
 "tokio",
]

[[package]]
name = "ch22-ex01-fetch-concurrently"
version = "0.1.0"
dependencies = [
 "tokio",
]

[[package]]
name = "ch22-ex01-fetch-concurrently-solution"
version = "0.1.0"
dependencies = [
 "tokio",
]

[[package]]
name = "ch23-error-handling-and-cli-example"
version = "0.1.0"
dependencies = [
 "anyhow",
 "clap",
 "thiserror",
]

[[package]]
name = "ch23-ex01-parse-config"
version = "0.1.0"
dependencies = [
 "thiserror",
]

[[package]]
name = "ch23-ex01-parse-config-solution"
version = "0.1.0"
dependencies = [
 "thiserror",
]

[[package]]
name = "ch24-ex01-word-count-file"
version = "0.1.0"
dependencies = [
 "anyhow",
 "tempfile",
]

[[package]]
name = "ch24-ex01-word-count-file-solution"
version = "0.1.0"
dependencies = [
 "anyhow",
 "tempfile",
]

[[package]]
name = "ch24-files-and-os-example"
version = "0.1.0"
dependencies = [
 "anyhow",
 "tempfile",
]

[[package]]
name = "ch25-ex01-echo-line"
version = "0.1.0"

[[package]]
name = "ch25-ex01-echo-line-solution"
version = "0.1.0"

[[package]]
name = "ch25-networking-example"
version = "0.1.0"

[[package]]
name = "ch26-ex01-clamp"
version = "0.1.0"
dependencies = [
 "cc",
]

[[package]]
name = "ch26-ex01-clamp-solution"
version = "0.1.0"
dependencies = [
 "cc",
]

[[package]]
name = "ch26-interop-with-c-example"
version = "0.1.0"
dependencies = [
 "cc",
]

[[package]]
name = "clap"
version = "4.6.6"
source = "registry+https://github.com/rust-lang/crates.io-index"
checksum = "473c7e07f409a8d772161724aa8db6a765a2532a70f9667eeb7b49d3d02fbdca"
dependencies = [
 "clap_builder",
 "clap_derive",
]

[[package]]
name = "clap_builder"
version = "4.6.6"
source = "registry+https://github.com/rust-lang/crates.io-index"
checksum = "7b48fea5a88e9ae728a2dcbedbfc0e730f7d60da42e1cb049a83c9fb8b789889"
dependencies = [
 "anstream",
 "anstyle",
 "clap_lex",
 "strsim",
]

[[package]]
name = "clap_derive"
version = "4.6.4"
source = "registry+https://github.com/rust-lang/crates.io-index"
checksum = "d012d2b9d65aca7f18f4d9878a045bc17899bba951561ba5ec3c2ba1eed9a061"
dependencies = [
 "heck",
 "proc-macro2",
 "quote",
 "syn",
]

[[package]]
name = "clap_lex"
version = "1.1.0"
source = "registry+https://github.com/rust-lang/crates.io-index"
checksum = "c8d4a3bb8b1e0c1050499d1815f5ab16d04f0959b233085fb31653fbfc9d98f9"

[[package]]
name = "colorchoice"
version = "1.0.5"
source = "registry+https://github.com/rust-lang/crates.io-index"
checksum = "1d07550c9036bf2ae0c684c4297d503f838287c83c53686d05370d0e139ae570"

[[package]]
name = "errno"
version = "0.3.14"
source = "registry+https://github.com/rust-lang/crates.io-index"
checksum = "39cab71617ae0d63f51a36d69f866391735b51691dbda63cf6f96d042b63efeb"
dependencies = [
 "libc",
 "windows-sys",
]

[[package]]
name = "fastrand"
version = "2.5.0"
source = "registry+https://github.com/rust-lang/crates.io-index"
checksum = "da7c62ceae207dd37ea5b845da6a0696c799f85e97da1ab5b7910be3c1c80223"

[[package]]
name = "find-msvc-tools"
version = "0.1.12"
source = "registry+https://github.com/rust-lang/crates.io-index"
checksum = "3e0f1c7c3a72c66fd80abe965175f7523475c0489a87d3ff9d6e8c87d87a9d2d"

[[package]]
name = "getrandom"
version = "0.4.3"
source = "registry+https://github.com/rust-lang/crates.io-index"
checksum = "300e883d756b2e4ec94e02791f39b04b522276138852cfc41d9fb7e904106099"
dependencies = [
 "cfg-if",
 "libc",
 "r-efi",
]

[[package]]
name = "heck"
version = "0.5.0"
source = "registry+https://github.com/rust-lang/crates.io-index"
checksum = "2304e00983f87ffb38b55b444b5e3b60a884b5d30c0fca7d82fe33449bbe55ea"

[[package]]
name = "is_terminal_polyfill"
version = "1.70.2"
source = "registry+https://github.com/rust-lang/crates.io-index"
checksum = "a6cb138bb79a146c1bd460005623e142ef0181e3d0219cb493e02f7d08a35695"

[[package]]
name = "libc"
version = "0.2.189"
source = "registry+https://github.com/rust-lang/crates.io-index"
checksum = "3eaf3ede3fee6db1a4c2ee091bf8a8b4dccdc6d17f656fb07896ee72867612f2"

[[package]]
name = "linux-raw-sys"
version = "0.12.1"
source = "registry+https://github.com/rust-lang/crates.io-index"
checksum = "32a66949e030da00e8c7d4434b251670a91556f4144941d37452769c25d58a53"

[[package]]
name = "once_cell"
version = "1.21.4"
source = "registry+https://github.com/rust-lang/crates.io-index"
checksum = "9f7c3e4beb33f85d45ae3e3a1792185706c8e16d043238c593331cc7cd313b50"

[[package]]
name = "once_cell_polyfill"
version = "1.70.2"
source = "registry+https://github.com/rust-lang/crates.io-index"
checksum = "384b8ab6d37215f3c5301a95a4accb5d64aa607f1fcb26a11b5303878451b4fe"

[[package]]
name = "pin-project-lite"
version = "0.2.17"
source = "registry+https://github.com/rust-lang/crates.io-index"
checksum = "a89322df9ebe1c1578d689c92318e070967d1042b512afbe49518723f4e6d5cd"

[[package]]
name = "proc-macro2"
version = "1.0.107"
source = "registry+https://github.com/rust-lang/crates.io-index"
checksum = "985e7ec9bb745e6ce6535b544d84d6cd6f7ad8bd711c398938ae983b91a766d9"
dependencies = [
 "unicode-ident",
]

[[package]]
name = "quote"
version = "1.0.47"
source = "registry+https://github.com/rust-lang/crates.io-index"
checksum = "1fbf4db142a473a8d80c26bbf18454ed458bf8d26c8219c331daecfdbd079001"
dependencies = [
 "proc-macro2",
]

[[package]]
name = "r-efi"
version = "6.0.0"
source = "registry+https://github.com/rust-lang/crates.io-index"
checksum = "f8dcc9c7d52a811697d2151c701e0d08956f92b0e24136cf4cf27b57a6a0d9bf"

[[package]]
name = "rustix"
version = "1.1.4"
source = "registry+https://github.com/rust-lang/crates.io-index"
checksum = "b6fe4565b9518b83ef4f91bb47ce29620ca828bd32cb7e408f0062e9930ba190"
dependencies = [
 "bitflags",
 "errno",
 "libc",
 "linux-raw-sys",
 "windows-sys",
]

[[package]]
name = "shlex"
version = "2.0.1"
source = "registry+https://github.com/rust-lang/crates.io-index"
checksum = "f8fadd59c855ef2080decdef8ff161eb6661b86933c9d82e5ba29dc602a55aba"

[[package]]
name = "stringy-lib"
version = "0.1.0"

[[package]]
name = "stringy-lib-solution"
version = "0.1.0"

[[package]]
name = "strsim"
version = "0.11.1"
source = "registry+https://github.com/rust-lang/crates.io-index"
checksum = "7da8b5736845d9f2fcb837ea5d9e2628564b3b043a70948a3f0b778838c5fb4f"

[[package]]
name = "syn"
version = "3.0.5"
source = "registry+https://github.com/rust-lang/crates.io-index"
checksum = "12df2e0110f65b775f769bb17ef989067a1d931b2eb822bd4346631eeada89f9"
dependencies = [
 "proc-macro2",
 "quote",
 "unicode-ident",
]

[[package]]
name = "tempfile"
version = "3.27.0"
source = "registry+https://github.com/rust-lang/crates.io-index"
checksum = "32497e9a4c7b38532efcdebeef879707aa9f794296a4f0244f6f69e9bc8574bd"
dependencies = [
 "fastrand",
 "getrandom",
 "once_cell",
 "rustix",
 "windows-sys",
]

[[package]]
name = "thiserror"
version = "2.0.20"
source = "registry+https://github.com/rust-lang/crates.io-index"
checksum = "ec86235f5fcc2a73650310756d2ac5b138a5780bbbdfae3eeccec992c435ba4f"
dependencies = [
 "thiserror-impl",
]

[[package]]
name = "thiserror-impl"
version = "2.0.20"
source = "registry+https://github.com/rust-lang/crates.io-index"
checksum = "bc04cd3e1236dd4a98afca4569f2deb3f120e5422a4023be2cb683f8486292af"
dependencies = [
 "proc-macro2",
 "quote",
 "syn",
]

[[package]]
name = "tokio"
version = "1.53.1"
source = "registry+https://github.com/rust-lang/crates.io-index"
checksum = "202caea871b69668250d242070849eb495be178ed697a3e98aebce5bc81a0bed"
dependencies = [
 "pin-project-lite",
 "tokio-macros",
]

[[package]]
name = "tokio-macros"
version = "2.7.2"
source = "registry+https://github.com/rust-lang/crates.io-index"
checksum = "78773a2a397f451582ce068015985c33193cf6dea8b74d2a639fe457b2f07b0e"
dependencies = [
 "proc-macro2",
 "quote",
 "syn",
]

[[package]]
name = "unicode-ident"
version = "1.0.24"
source = "registry+https://github.com/rust-lang/crates.io-index"
checksum = "e6e4313cd5fcd3dad5cafa179702e2b244f760991f45397d14d4ebf38247da75"

[[package]]
name = "utf8parse"
version = "0.2.2"
source = "registry+https://github.com/rust-lang/crates.io-index"
checksum = "06abde3611657adf66d383f00b093d7faecc7fa57071cce2578660c9f1010821"

[[package]]
name = "windows-link"
version = "0.2.1"
source = "registry+https://github.com/rust-lang/crates.io-index"
checksum = "f0805222e57f7521d6a62e36fa9163bc891acd422f971defe97d64e70d0a4fe5"

[[package]]
name = "windows-sys"
version = "0.61.2"
source = "registry+https://github.com/rust-lang/crates.io-index"
checksum = "ae137229bcbd6cdf0f7b80a31df61766145077ddf49416a728b02cb3921ff3fc"
dependencies = [
 "windows-link",
]
